
Microsoft Visual Studio Solution File, Format Version 12.00
# Visual Studio Version 17
VisualStudioVersion = 17.11.35219.272
MinimumVisualStudioVersion = 10.0.40219.1
Project("{9A19103F-16F7-4668-BE54-9A1E7A4F7556}") = "CustomerItems.UnitTests", "CustomerItems.Tests\CustomerItems.UnitTests.csproj", "{79537CA2-8B9C-4DEA-BBCD-ED3B7354D034}"
EndProject
Project("{9A19103F-16F7-4668-BE54-9A1E7A4F7556}") = "CodeChallenge.Console", "CodeChallenge.Console\CodeChallenge.Console.csproj", "{ADA28549-EE83-40E8-9FB0-D69F45242D03}"
EndProject
Project("{9A19103F-16F7-4668-BE54-9A1E7A4F7556}") = "CustomerItems", "CustomerItems\CustomerItems.csproj", "{E86EE318-AD09-44DF-B063-20CA8248F962}"
EndProject
Global
	GlobalSection(SolutionConfigurationPlatforms) = preSolution
		Debug|Any CPU = Debug|Any CPU
		Release|Any CPU = Release|Any CPU
	EndGlobalSection
	GlobalSection(ProjectConfigurationPlatforms) = postSolution
		{79537CA2-8B9C-4DEA-BBCD-ED3B7354D034}.Debug|Any CPU.ActiveCfg = Debug|Any CPU
		{79537CA2-8B9C-4DEA-BBCD-ED3B7354D034}.Debug|Any CPU.Build.0 = Debug|Any CPU
		{79537CA2-8B9C-4DEA-BBCD-ED3B7354D034}.Release|Any CPU.ActiveCfg = Release|Any CPU
		{79537CA2-8B9C-4DEA-BBCD-ED3B7354D034}.Release|Any CPU.Build.0 = Release|Any CPU
		{ADA28549-EE83-40E8-9FB0-D69F45242D03}.Debug|Any CPU.ActiveCfg = Debug|Any CPU
		{ADA28549-EE83-40E8-9FB0-D69F45242D03}.Debug|Any CPU.Build.0 = Debug|Any CPU
		{ADA28549-EE83-40E8-9FB0-D69F45242D03}.Release|Any CPU.ActiveCfg = Release|Any CPU
		{ADA28549-EE83-40E8-9FB0-D69F45242D03}.Release|Any CPU.Build.0 = Release|Any CPU
		{E86EE318-AD09-44DF-B063-20CA8248F962}.Debug|Any CPU.ActiveCfg = Debug|Any CPU
		{E86EE318-AD09-44DF-B063-20CA8248F962}.Debug|Any CPU.Build.0 = Debug|Any CPU
		{E86EE318-AD09-44DF-B063-20CA8248F962}.Release|Any CPU.ActiveCfg = Release|Any CPU
		{E86EE318-AD09-44DF-B063-20CA8248F962}.Release|Any CPU.Build.0 = Release|Any CPU
	EndGlobalSection
	GlobalSection(SolutionProperties) = preSolution
		HideSolutionNode = FALSE
	EndGlobalSection
	GlobalSection(ExtensibilityGlobals) = postSolution
		SolutionGuid = {3FEFCF00-412A-4728-8698-4241C091FF82}
	EndGlobalSection
EndGlobal
